
Microsoft Visual Studio Solution File, Format Version 12.00
# Visual Studio Version 17
VisualStudioVersion = 17.9.34518.117
MinimumVisualStudioVersion = 10.0.40219.1
Project("{FAE04EC0-301F-11D3-BF4B-00C04F79EFBC}") = "EbusinessServer.Common", "EbusinessServer.Common\EbusinessServer.Common.csproj", "{E2E97A4B-CD98-4632-8548-56B56D8E2206}"
EndProject
Global
	GlobalSection(SolutionConfigurationPlatforms) = preSolution
		Debug|Any CPU = Debug|Any CPU
		Release|Any CPU = Release|Any CPU
	EndGlobalSection
	GlobalSection(ProjectConfigurationPlatforms) = postSolution
		{E2E97A4B-CD98-4632-8548-56B56D8E2206}.Debug|Any CPU.ActiveCfg = Debug|Any CPU
		{E2E97A4B-CD98-4632-8548-56B56D8E2206}.Debug|Any CPU.Build.0 = Debug|Any CPU
		{E2E97A4B-CD98-4632-8548-56B56D8E2206}.Release|Any CPU.ActiveCfg = Release|Any CPU
		{E2E97A4B-CD98-4632-8548-56B56D8E2206}.Release|Any CPU.Build.0 = Release|Any CPU
	EndGlobalSection
	GlobalSection(SolutionProperties) = preSolution
		HideSolutionNode = FALSE
	EndGlobalSection
	GlobalSection(ExtensibilityGlobals) = postSolution
		SolutionGuid = {92FE08A0-2A38-44E9-B73B-75BD9DC50269}
	EndGlobalSection
EndGlobal
